
Microsoft Visual Studio Solution File, Format Version 12.00
# Visual Studio 15
VisualStudioVersion = 15.0.26430.15
MinimumVisualStudioVersion = 10.0.40219.1
Project("{FAE04EC0-301F-11D3-BF4B-00C04F79EFBC}") = "Ignition.Foundation.Telemetry.ApplicationInsights", "Ignition.Foundation.Telemetry.ApplicationInsights\Ignition.Foundation.Telemetry.ApplicationInsights.csproj", "{463E096E-F19C-4FCF-9358-7AE7EED43F27}"
EndProject
Global
	GlobalSection(SolutionConfigurationPlatforms) = preSolution
		Debug|Any CPU = Debug|Any CPU
		Release|Any CPU = Release|Any CPU
	EndGlobalSection
	GlobalSection(ProjectConfigurationPlatforms) = postSolution
		{463E096E-F19C-4FCF-9358-7AE7EED43F27}.Debug|Any CPU.ActiveCfg = Debug|Any CPU
		{463E096E-F19C-4FCF-9358-7AE7EED43F27}.Debug|Any CPU.Build.0 = Debug|Any CPU
		{463E096E-F19C-4FCF-9358-7AE7EED43F27}.Release|Any CPU.ActiveCfg = Release|Any CPU
		{463E096E-F19C-4FCF-9358-7AE7EED43F27}.Release|Any CPU.Build.0 = Release|Any CPU
	EndGlobalSection
	GlobalSection(SolutionProperties) = preSolution
		HideSolutionNode = FALSE
	EndGlobalSection
	GlobalSection(ExtensibilityGlobals) = postSolution
		SolutionGuid = {8BC58D79-1056-4BC2-A08A-49AA3B572765}
	EndGlobalSection
EndGlobal
